{
  "lockfile-version": 1,
  "manifest": {
    "version": 1,
    "install": {
      "bash-language-server": {
        "pkg-path": "bash-language-server"
      },
      "emmylua-ls": {
        "pkg-path": "emmylua-ls"
      },
      "fish-lsp": {
        "pkg-path": "fish-lsp"
      },
      "selene": {
        "pkg-path": "selene"
      },
      "shellcheck": {
        "pkg-path": "shellcheck"
      },
      "shfmt": {
        "pkg-path": "shfmt"
      },
      "stylua": {
        "pkg-path": "stylua"
      },
      "taplo": {
        "pkg-path": "taplo"
      }
    },
    "hook": {},
    "profile": {},
    "options": {}
  },
  "packages": [
    {
      "attr_path": "bash-language-server",
      "broken": false,
      "derivation": "/nix/store/ylhh7dbx07yd7xlmlanqmsl1a2y1z9jc-bash-language-server-5.6.0.drv",
      "description": "Language server for Bash",
      "install_id": "bash-language-server",
      "license": "MIT",
      "locked_url": "https://github.com/flox/nixpkgs?rev=c23193b943c6c689d70ee98ce3128239ed9e32d1",
      "name": "bash-language-server-5.6.0",
      "pname": "bash-language-server",
      "rev": "c23193b943c6c689d70ee98ce3128239ed9e32d1",
      "rev_count": 861038,
      "rev_date": "2025-09-13T06:43:22Z",
      "scrape_date": "2025-09-15T02:00:42.209351Z",
      "stabilities": [
        "unstable"
      ],
      "unfree": false,
      "version": "5.6.0",
      "outputs_to_install": [
        "out"
      ],
      "outputs": {
        "out": "/nix/store/hqanvgcgga8ldvwy47ssbip1hbjgkx0r-bash-language-server-5.6.0"
      },
      "system": "aarch64-darwin",
      "group": "toplevel",
      "priority": 5
    },
    {
      "attr_path": "bash-language-server",
      "broken": false,
      "derivation": "/nix/store/8k1khb24ys44n5b2xmpgzq2va9gafci1-bash-language-server-5.6.0.drv",
      "description": "Language server for Bash",
      "install_id": "bash-language-server",
      "license": "MIT",
      "locked_url": "https://github.com/flox/nixpkgs?rev=c23193b943c6c689d70ee98ce3128239ed9e32d1",
      "name": "bash-language-server-5.6.0",
      "pname": "bash-language-server",
      "rev": "c23193b943c6c689d70ee98ce3128239ed9e32d1",
      "rev_count": 861038,
      "rev_date": "2025-09-13T06:43:22Z",
      "scrape_date": "2025-09-15T02:29:40.047414Z",
      "stabilities": [
        "unstable"
      ],
      "unfree": false,
      "version": "5.6.0",
      "outputs_to_install": [
        "out"
      ],
      "outputs": {
        "out": "/nix/store/yda02l0ickj2qfgdjv88xcfh9r7fh02a-bash-language-server-5.6.0"
      },
      "system": "aarch64-linux",
      "group": "toplevel",
      "priority": 5
    },
    {
      "attr_path": "bash-language-server",
      "broken": false,
      "derivation": "/nix/store/by8fkmgh0fhh53bpp88qf9nby1sgh4bg-bash-language-server-5.6.0.drv",
      "description": "Language server for Bash",
      "install_id": "bash-language-server",
      "license": "MIT",
      "locked_url": "https://github.com/flox/nixpkgs?rev=c23193b943c6c689d70ee98ce3128239ed9e32d1",
      "name": "bash-language-server-5.6.0",
      "pname": "bash-language-server",
      "rev": "c23193b943c6c689d70ee98ce3128239ed9e32d1",
      "rev_count": 861038,
      "rev_date": "2025-09-13T06:43:22Z",
      "scrape_date": "2025-09-15T02:56:35.604866Z",
      "stabilities": [
        "unstable"
      ],
      "unfree": false,
      "version": "5.6.0",
      "outputs_to_install": [
        "out"
      ],
      "outputs": {
        "out": "/nix/store/i6pj1yc4rqgx0a3snp9k29348h4p1vq5-bash-language-server-5.6.0"
      },
      "system": "x86_64-darwin",
      "group": "toplevel",
      "priority": 5
    },
    {
      "attr_path": "bash-language-server",
      "broken": false,
      "derivation": "/nix/store/c1j7plcl2cshdhkwbflbb4x9xyv2a4q8-bash-language-server-5.6.0.drv",
      "description": "Language server for Bash",
      "install_id": "bash-language-server",
      "license": "MIT",
      "locked_url": "https://github.com/flox/nixpkgs?rev=c23193b943c6c689d70ee98ce3128239ed9e32d1",
      "name": "bash-language-server-5.6.0",
      "pname": "bash-language-server",
      "rev": "c23193b943c6c689d70ee98ce3128239ed9e32d1",
      "rev_count": 861038,
      "rev_date": "2025-09-13T06:43:22Z",
      "scrape_date": "2025-09-15T03:26:56.141812Z",
      "stabilities": [
        "unstable"
      ],
      "unfree": false,
      "version": "5.6.0",
      "outputs_to_install": [
        "out"
      ],
      "outputs": {
        "out": "/nix/store/sx7hz3rmjpm304yqli3aksadkrkxjgcw-bash-language-server-5.6.0"
      },
      "system": "x86_64-linux",
      "group": "toplevel",
      "priority": 5
    },
    {
      "attr_path": "emmylua-ls",
      "broken": false,
      "derivation": "/nix/store/arwbrj2ikk8gf3n86damf7pfc58zfb41-emmylua_ls-0.12.0.drv",
      "description": "EmmyLua Language Server",
      "install_id": "emmylua-ls",
      "license": "MIT",
      "locked_url": "https://github.com/flox/nixpkgs?rev=c23193b943c6c689d70ee98ce3128239ed9e32d1",
      "name": "emmylua_ls-0.12.0",
      "pname": "emmylua-ls",
      "rev": "c23193b943c6c689d70ee98ce3128239ed9e32d1",
      "rev_count": 861038,
      "rev_date": "2025-09-13T06:43:22Z",
      "scrape_date": "2025-09-15T02:00:42.896227Z",
      "stabilities": [
        "unstable"
      ],
      "unfree": false,
      "version": "0.12.0",
      "outputs_to_install": [
        "out"
      ],
      "outputs": {
        "out": "/nix/store/p4jlf1y0i2r8y2cvafg7872flvf01qpd-emmylua_ls-0.12.0"
      },
      "system": "aarch64-darwin",
      "group": "toplevel",
      "priority": 5
    },
    {
      "attr_path": "emmylua-ls",
      "broken": false,
      "derivation": "/nix/store/vb3b08j0l6a9gd7q8ppgli9azqm5d2cb-emmylua_ls-0.12.0.drv",
      "description": "EmmyLua Language Server",
      "install_id": "emmylua-ls",
      "license": "MIT",
      "locked_url": "https://github.com/flox/nixpkgs?rev=c23193b943c6c689d70ee98ce3128239ed9e32d1",
      "name": "emmylua_ls-0.12.0",
      "pname": "emmylua-ls",
      "rev": "c23193b943c6c689d70ee98ce3128239ed9e32d1",
      "rev_count": 861038,
      "rev_date": "2025-09-13T06:43:22Z",
      "scrape_date": "2025-09-15T02:29:41.019512Z",
      "stabilities": [
        "unstable"
      ],
      "unfree": false,
      "version": "0.12.0",
      "outputs_to_install": [
        "out"
      ],
      "outputs": {
        "out": "/nix/store/51brywp313vp6m5jf8syraqn5nxifnm3-emmylua_ls-0.12.0"
      },
      "system": "aarch64-linux",
      "group": "toplevel",
      "priority": 5
    },
    {
      "attr_path": "emmylua-ls",
      "broken": false,
      "derivation": "/nix/store/pqjc0r5vvhb7mh2cpz5x4qyx2hna20gh-emmylua_ls-0.12.0.drv",
      "description": "EmmyLua Language Server",
      "install_id": "emmylua-ls",
      "license": "MIT",
      "locked_url": "https://github.com/flox/nixpkgs?rev=c23193b943c6c689d70ee98ce3128239ed9e32d1",
      "name": "emmylua_ls-0.12.0",
      "pname": "emmylua-ls",
      "rev": "c23193b943c6c689d70ee98ce3128239ed9e32d1",
      "rev_count": 861038,
      "rev_date": "2025-09-13T06:43:22Z",
      "scrape_date": "2025-09-15T02:56:36.296768Z",
      "stabilities": [
        "unstable"
      ],
      "unfree": false,
      "version": "0.12.0",
      "outputs_to_install": [
        "out"
      ],
      "outputs": {
        "out": "/nix/store/dvr56sn636kac44b236jh8b7jamcwm0n-emmylua_ls-0.12.0"
      },
      "system": "x86_64-darwin",
      "group": "toplevel",
      "priority": 5
    },
    {
      "attr_path": "emmylua-ls",
      "broken": false,
      "derivation": "/nix/store/jlbb7lchribsg04514gq4nmmsi4v1rrx-emmylua_ls-0.12.0.drv",
      "description": "EmmyLua Language Server",
      "install_id": "emmylua-ls",
      "license": "MIT",
      "locked_url": "https://github.com/flox/nixpkgs?rev=c23193b943c6c689d70ee98ce3128239ed9e32d1",
      "name": "emmylua_ls-0.12.0",
      "pname": "emmylua-ls",
      "rev": "c23193b943c6c689d70ee98ce3128239ed9e32d1",
      "rev_count": 861038,
      "rev_date": "2025-09-13T06:43:22Z",
      "scrape_date": "2025-09-15T03:26:57.171111Z",
      "stabilities": [
        "unstable"
      ],
      "unfree": false,
      "version": "0.12.0",
      "outputs_to_install": [
        "out"
      ],
      "outputs": {
        "out": "/nix/store/5qlnczmk6i4d8q4fr622hqq2sdrarsdn-emmylua_ls-0.12.0"
      },
      "system": "x86_64-linux",
      "group": "toplevel",
      "priority": 5
    },
    {
      "attr_path": "fish-lsp",
      "broken": false,
      "derivation": "/nix/store/qhjglzymbwgq3zfv06ia13wf8akl1cwm-fish-lsp-1.0.10.drv",
      "description": "LSP implementation for the fish shell language",
      "install_id": "fish-lsp",
      "license": "MIT",
      "locked_url": "https://github.com/flox/nixpkgs?rev=c23193b943c6c689d70ee98ce3128239ed9e32d1",
      "name": "fish-lsp-1.0.10",
      "pname": "fish-lsp",
      "rev": "c23193b943c6c689d70ee98ce3128239ed9e32d1",
      "rev_count": 861038,
      "rev_date": "2025-09-13T06:43:22Z",
      "scrape_date": "2025-09-15T02:00:43.014719Z",
      "stabilities": [
        "unstable"
      ],
      "unfree": false,
      "version": "1.0.10",
      "outputs_to_install": [
        "out"
      ],
      "outputs": {
        "out": "/nix/store/sb5vgaphx796r5aay6926z5mh7q1gx8k-fish-lsp-1.0.10"
      },
      "system": "aarch64-darwin",
      "group": "toplevel",
      "priority": 5
    },
    {
      "attr_path": "fish-lsp",
      "broken": false,
      "derivation": "/nix/store/k33miw84gdsnx1yqqh1gdnd4an20dk6x-fish-lsp-1.0.10.drv",
      "description": "LSP implementation for the fish shell language",
      "install_id": "fish-lsp",
      "license": "MIT",
      "locked_url": "https://github.com/flox/nixpkgs?rev=c23193b943c6c689d70ee98ce3128239ed9e32d1",
      "name": "fish-lsp-1.0.10",
      "pname": "fish-lsp",
      "rev": "c23193b943c6c689d70ee98ce3128239ed9e32d1",
      "rev_count": 861038,
      "rev_date": "2025-09-13T06:43:22Z",
      "scrape_date": "2025-09-15T02:29:41.236413Z",
      "stabilities": [
        "unstable"
      ],
      "unfree": false,
      "version": "1.0.10",
      "outputs_to_install": [
        "out"
      ],
      "outputs": {
        "out": "/nix/store/z02hjwr6ikdj7aia99dqcmljbkzxw69q-fish-lsp-1.0.10"
      },
      "system": "aarch64-linux",
      "group": "toplevel",
      "priority": 5
    },
    {
      "attr_path": "fish-lsp",
      "broken": false,
      "derivation": "/nix/store/l20ki0ifxicjh7mm7rrj5b2zqfgi6w95-fish-lsp-1.0.10.drv",
      "description": "LSP implementation for the fish shell language",
      "install_id": "fish-lsp",
      "license": "MIT",
      "locked_url": "https://github.com/flox/nixpkgs?rev=c23193b943c6c689d70ee98ce3128239ed9e32d1",
      "name": "fish-lsp-1.0.10",
      "pname": "fish-lsp",
      "rev": "c23193b943c6c689d70ee98ce3128239ed9e32d1",
      "rev_count": 861038,
      "rev_date": "2025-09-13T06:43:22Z",
      "scrape_date": "2025-09-15T02:56:36.432237Z",
      "stabilities": [
        "unstable"
      ],
      "unfree": false,
      "version": "1.0.10",
      "outputs_to_install": [
        "out"
      ],
      "outputs": {
        "out": "/nix/store/3cwy1kfn1k9rcwrdiyswj49r5517k19c-fish-lsp-1.0.10"
      },
      "system": "x86_64-darwin",
      "group": "toplevel",
      "priority": 5
    },
    {
      "attr_path": "fish-lsp",
      "broken": false,
      "derivation": "/nix/store/wi5dlf78xjw78bvg3g49h9zc97c27cn6-fish-lsp-1.0.10.drv",
      "description": "LSP implementation for the fish shell language",
      "install_id": "fish-lsp",
      "license": "MIT",
      "locked_url": "https://github.com/flox/nixpkgs?rev=c23193b943c6c689d70ee98ce3128239ed9e32d1",
      "name": "fish-lsp-1.0.10",
      "pname": "fish-lsp",
      "rev": "c23193b943c6c689d70ee98ce3128239ed9e32d1",
      "rev_count": 861038,
      "rev_date": "2025-09-13T06:43:22Z",
      "scrape_date": "2025-09-15T03:26:57.416560Z",
      "stabilities": [
        "unstable"
      ],
      "unfree": false,
      "version": "1.0.10",
      "outputs_to_install": [
        "out"
      ],
      "outputs": {
        "out": "/nix/store/06g4g9nblhyllkih9nn0qi5g0bywj5j7-fish-lsp-1.0.10"
      },
      "system": "x86_64-linux",
      "group": "toplevel",
      "priority": 5
    },
    {
      "attr_path": "selene",
      "broken": false,
      "derivation": "/nix/store/kzg7r7lj2k0qqm9aj8y6rkiaay7kn8si-selene-0.29.0.drv",
      "description": "Blazing-fast modern Lua linter written in Rust",
      "install_id": "selene",
      "license": "MPL-2.0",
      "locked_url": "https://github.com/flox/nixpkgs?rev=c23193b943c6c689d70ee98ce3128239ed9e32d1",
      "name": "selene-0.29.0",
      "pname": "selene",
      "rev": "c23193b943c6c689d70ee98ce3128239ed9e32d1",
      "rev_count": 861038,
      "rev_date": "2025-09-13T06:43:22Z",
      "scrape_date": "2025-09-15T02:02:26.861265Z",
      "stabilities": [
        "unstable"
      ],
      "unfree": false,
      "version": "0.29.0",
      "outputs_to_install": [
        "out"
      ],
      "outputs": {
        "out": "/nix/store/pqyc4s2rrr7gz59n6a9gcbcz7y1g3d5f-selene-0.29.0"
      },
      "system": "aarch64-darwin",
      "group": "toplevel",
      "priority": 5
    },
    {
      "attr_path": "selene",
      "broken": false,
      "derivation": "/nix/store/yj1v3cm4dkklsqkvwk71gwh8l1g95grf-selene-0.29.0.drv",
      "description": "Blazing-fast modern Lua linter written in Rust",
      "install_id": "selene",
      "license": "MPL-2.0",
      "locked_url": "https://github.com/flox/nixpkgs?rev=c23193b943c6c689d70ee98ce3128239ed9e32d1",
      "name": "selene-0.29.0",
      "pname": "selene",
      "rev": "c23193b943c6c689d70ee98ce3128239ed9e32d1",
      "rev_count": 861038,
      "rev_date": "2025-09-13T06:43:22Z",
      "scrape_date": "2025-09-15T02:32:00.485468Z",
      "stabilities": [
        "unstable"
      ],
      "unfree": false,
      "version": "0.29.0",
      "outputs_to_install": [
        "out"
      ],
      "outputs": {
        "out": "/nix/store/bmg0x8cqkdq149g2b3y16njpbs3f950p-selene-0.29.0"
      },
      "system": "aarch64-linux",
      "group": "toplevel",
      "priority": 5
    },
    {
      "attr_path": "selene",
      "broken": false,
      "derivation": "/nix/store/xjqc5gdvmpbq6bmrxca59lbickslkyqn-selene-0.29.0.drv",
      "description": "Blazing-fast modern Lua linter written in Rust",
      "install_id": "selene",
      "license": "MPL-2.0",
      "locked_url": "https://github.com/flox/nixpkgs?rev=c23193b943c6c689d70ee98ce3128239ed9e32d1",
      "name": "selene-0.29.0",
      "pname": "selene",
      "rev": "c23193b943c6c689d70ee98ce3128239ed9e32d1",
      "rev_count": 861038,
      "rev_date": "2025-09-13T06:43:22Z",
      "scrape_date": "2025-09-15T02:58:18.816320Z",
      "stabilities": [
        "unstable"
      ],
      "unfree": false,
      "version": "0.29.0",
      "outputs_to_install": [
        "out"
      ],
      "outputs": {
        "out": "/nix/store/xli8d961phk59bg9dld7y60ns3h2x4i0-selene-0.29.0"
      },
      "system": "x86_64-darwin",
      "group": "toplevel",
      "priority": 5
    },
    {
      "attr_path": "selene",
      "broken": false,
      "derivation": "/nix/store/43sc4kzz0wzagalclpii5m1jgfnsr8pz-selene-0.29.0.drv",
      "description": "Blazing-fast modern Lua linter written in Rust",
      "install_id": "selene",
      "license": "MPL-2.0",
      "locked_url": "https://github.com/flox/nixpkgs?rev=c23193b943c6c689d70ee98ce3128239ed9e32d1",
      "name": "selene-0.29.0",
      "pname": "selene",
      "rev": "c23193b943c6c689d70ee98ce3128239ed9e32d1",
      "rev_count": 861038,
      "rev_date": "2025-09-13T06:43:22Z",
      "scrape_date": "2025-09-15T03:29:24.320923Z",
      "stabilities": [
        "unstable"
      ],
      "unfree": false,
      "version": "0.29.0",
      "outputs_to_install": [
        "out"
      ],
      "outputs": {
        "out": "/nix/store/ysdxx7bkdym9mncd2rdm3c14y290pfpw-selene-0.29.0"
      },
      "system": "x86_64-linux",
      "group": "toplevel",
      "priority": 5
    },
    {
      "attr_path": "shellcheck",
      "broken": false,
      "derivation": "/nix/store/b884admgfm6nxaqk24qssr22pfpa2qgv-shellcheck-0.10.0.drv",
      "description": "Shell script analysis tool",
      "install_id": "shellcheck",
      "license": "GPL-3.0-only",
      "locked_url": "https://github.com/flox/nixpkgs?rev=c23193b943c6c689d70ee98ce3128239ed9e32d1",
      "name": "shellcheck-0.10.0",
      "pname": "shellcheck",
      "rev": "c23193b943c6c689d70ee98ce3128239ed9e32d1",
      "rev_count": 861038,
      "rev_date": "2025-09-13T06:43:22Z",
      "scrape_date": "2025-09-15T02:02:27.207252Z",
      "stabilities": [
        "unstable"
      ],
      "unfree": false,
      "version": "0.10.0",
      "outputs_to_install": [
        "bin",
        "doc",
        "man"
      ],
      "outputs": {
        "bin": "/nix/store/dxppq6y4mb663r0li716pavrahwh9sws-shellcheck-0.10.0-bin",
        "doc": "/nix/store/0wbb09lk7bx9ywc453a8nnw41hc8qp1i-shellcheck-0.10.0-doc",
        "man": "/nix/store/7lpymai82rrcps6z7zl4q5j69w3pp5ng-shellcheck-0.10.0-man",
        "out": "/nix/store/ffxba7sh87j0vg759cjm7qmcadsmbfw7-shellcheck-0.10.0"
      },
      "system": "aarch64-darwin",
      "group": "toplevel",
      "priority": 5
    },
    {
      "attr_path": "shellcheck",
      "broken": false,
      "derivation": "/nix/store/4hzbkdy383naf03yk1ccrsbcaff5djfz-shellcheck-0.10.0.drv",
      "description": "Shell script analysis tool",
      "install_id": "shellcheck",
      "license": "GPL-3.0-only",
      "locked_url": "https://github.com/flox/nixpkgs?rev=c23193b943c6c689d70ee98ce3128239ed9e32d1",
      "name": "shellcheck-0.10.0",
      "pname": "shellcheck",
      "rev": "c23193b943c6c689d70ee98ce3128239ed9e32d1",
      "rev_count": 861038,
      "rev_date": "2025-09-13T06:43:22Z",
      "scrape_date": "2025-09-15T02:32:01.031248Z",
      "stabilities": [
        "unstable"
      ],
      "unfree": false,
      "version": "0.10.0",
      "outputs_to_install": [
        "bin",
        "doc",
        "man"
      ],
      "outputs": {
        "bin": "/nix/store/kvhcnjzmjyqc641yd57f7g26nraw64sm-shellcheck-0.10.0-bin",
        "doc": "/nix/store/vn7d2fwlkjgq6hy3c7gjcypg3slkf592-shellcheck-0.10.0-doc",
        "man": "/nix/store/2ps0gaalsjfvd6vh0zhq2l4d6xgrma8l-shellcheck-0.10.0-man",
        "out": "/nix/store/dxqnpdj372kh001d84dg29l6l3aflrc0-shellcheck-0.10.0"
      },
      "system": "aarch64-linux",
      "group": "toplevel",
      "priority": 5
    },
    {
      "attr_path": "shellcheck",
      "broken": false,
      "derivation": "/nix/store/7zx3lirmdhnk1yily6ayy516b4a1ixzv-shellcheck-0.10.0.drv",
      "description": "Shell script analysis tool",
      "install_id": "shellcheck",
      "license": "GPL-3.0-only",
      "locked_url": "https://github.com/flox/nixpkgs?rev=c23193b943c6c689d70ee98ce3128239ed9e32d1",
      "name": "shellcheck-0.10.0",
      "pname": "shellcheck",
      "rev": "c23193b943c6c689d70ee98ce3128239ed9e32d1",
      "rev_count": 861038,
      "rev_date": "2025-09-13T06:43:22Z",
      "scrape_date": "2025-09-15T02:58:19.203055Z",
      "stabilities": [
        "unstable"
      ],
      "unfree": false,
      "version": "0.10.0",
      "outputs_to_install": [
        "bin",
        "doc",
        "man"
      ],
      "outputs": {
        "bin": "/nix/store/ri8byd60sb58xqf3m0bli53xflx9n4l4-shellcheck-0.10.0-bin",
        "doc": "/nix/store/b1hcrb9c98w7cwqjc5wy5rrfx1gnw7lz-shellcheck-0.10.0-doc",
        "man": "/nix/store/0an459l9ajzapm9kinqh344xnlzp70fy-shellcheck-0.10.0-man",
        "out": "/nix/store/5rfsd78v2il52xqvxmx15pp52zlds4al-shellcheck-0.10.0"
      },
      "system": "x86_64-darwin",
      "group": "toplevel",
      "priority": 5
    },
    {
      "attr_path": "shellcheck",
      "broken": false,
      "derivation": "/nix/store/w8ak9a7r519g5zb7mvcr4cfw0f1w2rrs-shellcheck-0.10.0.drv",
      "description": "Shell script analysis tool",
      "install_id": "shellcheck",
      "license": "GPL-3.0-only",
      "locked_url": "https://github.com/flox/nixpkgs?rev=c23193b943c6c689d70ee98ce3128239ed9e32d1",
      "name": "shellcheck-0.10.0",
      "pname": "shellcheck",
      "rev": "c23193b943c6c689d70ee98ce3128239ed9e32d1",
      "rev_count": 861038,
      "rev_date": "2025-09-13T06:43:22Z",
      "scrape_date": "2025-09-15T03:29:24.914744Z",
      "stabilities": [
        "unstable"
      ],
      "unfree": false,
      "version": "0.10.0",
      "outputs_to_install": [
        "bin",
        "doc",
        "man"
      ],
      "outputs": {
        "bin": "/nix/store/ayfrkdpk1sygzwwjqh19gcp5sfh557zd-shellcheck-0.10.0-bin",
        "doc": "/nix/store/wgb75fahwjf0h5gc7ww5zcvkhbm88sps-shellcheck-0.10.0-doc",
        "man": "/nix/store/n8asflghb73ph65f2ixvr8hv6h7v9w0g-shellcheck-0.10.0-man",
        "out": "/nix/store/vh0ng4iyxch4lqmjmkbbjx8dw8xp569y-shellcheck-0.10.0"
      },
      "system": "x86_64-linux",
      "group": "toplevel",
      "priority": 5
    },
    {
      "attr_path": "shfmt",
      "broken": false,
      "derivation": "/nix/store/55qm4941ym3fc9a7ab94xrly8qjah6qh-shfmt-3.12.0.drv",
      "description": "Shell parser and formatter",
      "install_id": "shfmt",
      "license": "BSD-3-Clause",
      "locked_url": "https://github.com/flox/nixpkgs?rev=c23193b943c6c689d70ee98ce3128239ed9e32d1",
      "name": "shfmt-3.12.0",
      "pname": "shfmt",
      "rev": "c23193b943c6c689d70ee98ce3128239ed9e32d1",
      "rev_count": 861038,
      "rev_date": "2025-09-13T06:43:22Z",
      "scrape_date": "2025-09-15T02:02:27.250768Z",
      "stabilities": [
        "unstable"
      ],
      "unfree": false,
      "version": "3.12.0",
      "outputs_to_install": [
        "out"
      ],
      "outputs": {
        "out": "/nix/store/gwc439rwcxqj8mrg0yxsv3935cfwk3sl-shfmt-3.12.0"
      },
      "system": "aarch64-darwin",
      "group": "toplevel",
      "priority": 5
    },
    {
      "attr_path": "shfmt",
      "broken": false,
      "derivation": "/nix/store/96q4rpxrivdifq1fmqhbyhb75w9cip9r-shfmt-3.12.0.drv",
      "description": "Shell parser and formatter",
      "install_id": "shfmt",
      "license": "BSD-3-Clause",
      "locked_url": "https://github.com/flox/nixpkgs?rev=c23193b943c6c689d70ee98ce3128239ed9e32d1",
      "name": "shfmt-3.12.0",
      "pname": "shfmt",
      "rev": "c23193b943c6c689d70ee98ce3128239ed9e32d1",
      "rev_count": 861038,
      "rev_date": "2025-09-13T06:43:22Z",
      "scrape_date": "2025-09-15T02:32:01.086618Z",
      "stabilities": [
        "unstable"
      ],
      "unfree": false,
      "version": "3.12.0",
      "outputs_to_install": [
        "out"
      ],
      "outputs": {
        "out": "/nix/store/ivjs1yf1vw6k306zzz07m0d480l19dsj-shfmt-3.12.0"
      },
      "system": "aarch64-linux",
      "group": "toplevel",
      "priority": 5
    },
    {
      "attr_path": "shfmt",
      "broken": false,
      "derivation": "/nix/store/sc1qza757rnv4mhir8a9dgi1k251wzn4-shfmt-3.12.0.drv",
      "description": "Shell parser and formatter",
      "install_id": "shfmt",
      "license": "BSD-3-Clause",
      "locked_url": "https://github.com/flox/nixpkgs?rev=c23193b943c6c689d70ee98ce3128239ed9e32d1",
      "name": "shfmt-3.12.0",
      "pname": "shfmt",
      "rev": "c23193b943c6c689d70ee98ce3128239ed9e32d1",
      "rev_count": 861038,
      "rev_date": "2025-09-13T06:43:22Z",
      "scrape_date": "2025-09-15T02:58:19.247514Z",
      "stabilities": [
        "unstable"
      ],
      "unfree": false,
      "version": "3.12.0",
      "outputs_to_install": [
        "out"
      ],
      "outputs": {
        "out": "/nix/store/a844kmsjpv467qzp464j71cywj1lg02p-shfmt-3.12.0"
      },
      "system": "x86_64-darwin",
      "group": "toplevel",
      "priority": 5
    },
    {
      "attr_path": "shfmt",
      "broken": false,
      "derivation": "/nix/store/3kwzlg8mfckqj7nk3jcxblmyzsifkj8f-shfmt-3.12.0.drv",
      "description": "Shell parser and formatter",
      "install_id": "shfmt",
      "license": "BSD-3-Clause",
      "locked_url": "https://github.com/flox/nixpkgs?rev=c23193b943c6c689d70ee98ce3128239ed9e32d1",
      "name": "shfmt-3.12.0",
      "pname": "shfmt",
      "rev": "c23193b943c6c689d70ee98ce3128239ed9e32d1",
      "rev_count": 861038,
      "rev_date": "2025-09-13T06:43:22Z",
      "scrape_date": "2025-09-15T03:29:24.971844Z",
      "stabilities": [
        "unstable"
      ],
      "unfree": false,
      "version": "3.12.0",
      "outputs_to_install": [
        "out"
      ],
      "outputs": {
        "out": "/nix/store/zsr06yh5kbsrahwxbi3mx0cjsbwaf7la-shfmt-3.12.0"
      },
      "system": "x86_64-linux",
      "group": "toplevel",
      "priority": 5
    },
    {
      "attr_path": "stylua",
      "broken": false,
      "derivation": "/nix/store/9kwscjrgb2lf3sj6i2zl4q2k8bc5pc75-stylua-2.1.0.drv",
      "description": "Opinionated Lua code formatter",
      "install_id": "stylua",
      "license": "MPL-2.0",
      "locked_url": "https://github.com/flox/nixpkgs?rev=c23193b943c6c689d70ee98ce3128239ed9e32d1",
      "name": "stylua-2.1.0",
      "pname": "stylua",
      "rev": "c23193b943c6c689d70ee98ce3128239ed9e32d1",
      "rev_count": 861038,
      "rev_date": "2025-09-13T06:43:22Z",
      "scrape_date": "2025-09-15T02:02:29.363890Z",
      "stabilities": [
        "unstable"
      ],
      "unfree": false,
      "version": "2.1.0",
      "outputs_to_install": [
        "out"
      ],
      "outputs": {
        "out": "/nix/store/s8fnfiif9vhlfdn04fskanq34mp2bjcz-stylua-2.1.0"
      },
      "system": "aarch64-darwin",
      "group": "toplevel",
      "priority": 5
    },
    {
      "attr_path": "stylua",
      "broken": false,
      "derivation": "/nix/store/wvd7x078yja39hschlnp8x1n9hni91qy-stylua-2.1.0.drv",
      "description": "Opinionated Lua code formatter",
      "install_id": "stylua",
      "license": "MPL-2.0",
      "locked_url": "https://github.com/flox/nixpkgs?rev=c23193b943c6c689d70ee98ce3128239ed9e32d1",
      "name": "stylua-2.1.0",
      "pname": "stylua",
      "rev": "c23193b943c6c689d70ee98ce3128239ed9e32d1",
      "rev_count": 861038,
      "rev_date": "2025-09-13T06:43:22Z",
      "scrape_date": "2025-09-15T02:32:04.438230Z",
      "stabilities": [
        "unstable"
      ],
      "unfree": false,
      "version": "2.1.0",
      "outputs_to_install": [
        "out"
      ],
      "outputs": {
        "out": "/nix/store/pg4bcflybisjshff00a3k3v9i2d4izqh-stylua-2.1.0"
      },
      "system": "aarch64-linux",
      "group": "toplevel",
      "priority": 5
    },
    {
      "attr_path": "stylua",
      "broken": false,
      "derivation": "/nix/store/lybjzdrzb6pxr1s5rm4yj5x6qwk8yq98-stylua-2.1.0.drv",
      "description": "Opinionated Lua code formatter",
      "install_id": "stylua",
      "license": "MPL-2.0",
      "locked_url": "https://github.com/flox/nixpkgs?rev=c23193b943c6c689d70ee98ce3128239ed9e32d1",
      "name": "stylua-2.1.0",
      "pname": "stylua",
      "rev": "c23193b943c6c689d70ee98ce3128239ed9e32d1",
      "rev_count": 861038,
      "rev_date": "2025-09-13T06:43:22Z",
      "scrape_date": "2025-09-15T02:58:21.508341Z",
      "stabilities": [
        "unstable"
      ],
      "unfree": false,
      "version": "2.1.0",
      "outputs_to_install": [
        "out"
      ],
      "outputs": {
        "out": "/nix/store/fzczqi44f3wjysxarxr3l0iyzpjawf6r-stylua-2.1.0"
      },
      "system": "x86_64-darwin",
      "group": "toplevel",
      "priority": 5
    },
    {
      "attr_path": "stylua",
      "broken": false,
      "derivation": "/nix/store/bfp8vpdi654fwkd6lhiijbxpl7w7vm99-stylua-2.1.0.drv",
      "description": "Opinionated Lua code formatter",
      "install_id": "stylua",
      "license": "MPL-2.0",
      "locked_url": "https://github.com/flox/nixpkgs?rev=c23193b943c6c689d70ee98ce3128239ed9e32d1",
      "name": "stylua-2.1.0",
      "pname": "stylua",
      "rev": "c23193b943c6c689d70ee98ce3128239ed9e32d1",
      "rev_count": 861038,
      "rev_date": "2025-09-13T06:43:22Z",
      "scrape_date": "2025-09-15T03:29:28.592892Z",
      "stabilities": [
        "unstable"
      ],
      "unfree": false,
      "version": "2.1.0",
      "outputs_to_install": [
        "out"
      ],
      "outputs": {
        "out": "/nix/store/hijc7nwwx9qakvdvb1g4z88gvwmyfw18-stylua-2.1.0"
      },
      "system": "x86_64-linux",
      "group": "toplevel",
      "priority": 5
    },
    {
      "attr_path": "taplo",
      "broken": false,
      "derivation": "/nix/store/2yzg5s5n7cf3inj5pygn1v2pxyy69l0v-taplo-0.10.0.drv",
      "description": "TOML toolkit written in Rust",
      "install_id": "taplo",
      "license": "MIT",
      "locked_url": "https://github.com/flox/nixpkgs?rev=c23193b943c6c689d70ee98ce3128239ed9e32d1",
      "name": "taplo-0.10.0",
      "pname": "taplo",
      "rev": "c23193b943c6c689d70ee98ce3128239ed9e32d1",
      "rev_count": 861038,
      "rev_date": "2025-09-13T06:43:22Z",
      "scrape_date": "2025-09-15T02:02:30.123244Z",
      "stabilities": [
        "unstable"
      ],
      "unfree": false,
      "version": "0.10.0",
      "outputs_to_install": [
        "out"
      ],
      "outputs": {
        "out": "/nix/store/iv296lx84zjqcn80yx3b6g3dz3lpdxly-taplo-0.10.0"
      },
      "system": "aarch64-darwin",
      "group": "toplevel",
      "priority": 5
    },
    {
      "attr_path": "taplo",
      "broken": false,
      "derivation": "/nix/store/5q52rbwjnx0gq9hrdmn002paqag3icgk-taplo-0.10.0.drv",
      "description": "TOML toolkit written in Rust",
      "install_id": "taplo",
      "license": "MIT",
      "locked_url": "https://github.com/flox/nixpkgs?rev=c23193b943c6c689d70ee98ce3128239ed9e32d1",
      "name": "taplo-0.10.0",
      "pname": "taplo",
      "rev": "c23193b943c6c689d70ee98ce3128239ed9e32d1",
      "rev_count": 861038,
      "rev_date": "2025-09-13T06:43:22Z",
      "scrape_date": "2025-09-15T02:32:05.877794Z",
      "stabilities": [
        "unstable"
      ],
      "unfree": false,
      "version": "0.10.0",
      "outputs_to_install": [
        "out"
      ],
      "outputs": {
        "out": "/nix/store/ka4fa2swzfwnfnrb8zs0jjqj771imps7-taplo-0.10.0"
      },
      "system": "aarch64-linux",
      "group": "toplevel",
      "priority": 5
    },
    {
      "attr_path": "taplo",
      "broken": false,
      "derivation": "/nix/store/9vhrgnyd15j0qa9j08ikc16x2xdqkwwr-taplo-0.10.0.drv",
      "description": "TOML toolkit written in Rust",
      "install_id": "taplo",
      "license": "MIT",
      "locked_url": "https://github.com/flox/nixpkgs?rev=c23193b943c6c689d70ee98ce3128239ed9e32d1",
      "name": "taplo-0.10.0",
      "pname": "taplo",
      "rev": "c23193b943c6c689d70ee98ce3128239ed9e32d1",
      "rev_count": 861038,
      "rev_date": "2025-09-13T06:43:22Z",
      "scrape_date": "2025-09-15T02:58:22.264772Z",
      "stabilities": [
        "unstable"
      ],
      "unfree": false,
      "version": "0.10.0",
      "outputs_to_install": [
        "out"
      ],
      "outputs": {
        "out": "/nix/store/njv5kychd9a6qwvzmwxxbyq2paxnkdj6-taplo-0.10.0"
      },
      "system": "x86_64-darwin",
      "group": "toplevel",
      "priority": 5
    },
    {
      "attr_path": "taplo",
      "broken": false,
      "derivation": "/nix/store/v3yxa1bda02r1dpfr3saz2jw847fn43y-taplo-0.10.0.drv",
      "description": "TOML toolkit written in Rust",
      "install_id": "taplo",
      "license": "MIT",
      "locked_url": "https://github.com/flox/nixpkgs?rev=c23193b943c6c689d70ee98ce3128239ed9e32d1",
      "name": "taplo-0.10.0",
      "pname": "taplo",
      "rev": "c23193b943c6c689d70ee98ce3128239ed9e32d1",
      "rev_count": 861038,
      "rev_date": "2025-09-13T06:43:22Z",
      "scrape_date": "2025-09-15T03:29:30.144764Z",
      "stabilities": [
        "unstable"
      ],
      "unfree": false,
      "version": "0.10.0",
      "outputs_to_install": [
        "out"
      ],
      "outputs": {
        "out": "/nix/store/0ylhpa0vki4d9c7n68nn1nwgfvq1hb6l-taplo-0.10.0"
      },
      "system": "x86_64-linux",
      "group": "toplevel",
      "priority": 5
    }
  ]
}