{
  "lockfile-version": 1,
  "manifest": {
    "version": 1,
    "install": {
      "bash-language-server": {
        "pkg-path": "bash-language-server"
      },
      "emmylua-ls": {
        "pkg-path": "emmylua-ls"
      },
      "fish-lsp": {
        "pkg-path": "fish-lsp"
      },
      "selene": {
        "pkg-path": "selene"
      },
      "shellcheck": {
        "pkg-path": "shellcheck"
      },
      "shfmt": {
        "pkg-path": "shfmt"
      },
      "stylua": {
        "pkg-path": "stylua"
      },
      "taplo": {
        "pkg-path": "taplo"
      }
    },
    "hook": {},
    "profile": {},
    "options": {}
  },
  "packages": [
    {
      "attr_path": "bash-language-server",
      "broken": false,
      "derivation": "/nix/store/5069hrij2n0nkl3iq7jxmj1d9zahffxa-bash-language-server-5.6.0.drv",
      "description": "Language server for Bash",
      "install_id": "bash-language-server",
      "license": "MIT",
      "locked_url": "https://github.com/flox/nixpkgs?rev=bf922a59c5c9998a6584645f7d0de689512e444c",
      "name": "bash-language-server-5.6.0",
      "pname": "bash-language-server",
      "rev": "bf922a59c5c9998a6584645f7d0de689512e444c",
      "rev_count": 940107,
      "rev_date": "2026-02-04T04:57:53Z",
      "scrape_date": "2026-02-05T04:35:46.989316Z",
      "stabilities": [
        "unstable"
      ],
      "unfree": false,
      "version": "5.6.0",
      "outputs_to_install": [
        "out"
      ],
      "outputs": {
        "out": "/nix/store/n3vzh303jypdchydxsfqcwyjmmd9asyk-bash-language-server-5.6.0"
      },
      "system": "aarch64-darwin",
      "group": "toplevel",
      "priority": 5
    },
    {
      "attr_path": "bash-language-server",
      "broken": false,
      "derivation": "/nix/store/l9bwlfvg8dyv6jqlhgr6cbqqyv8lzasf-bash-language-server-5.6.0.drv",
      "description": "Language server for Bash",
      "install_id": "bash-language-server",
      "license": "MIT",
      "locked_url": "https://github.com/flox/nixpkgs?rev=bf922a59c5c9998a6584645f7d0de689512e444c",
      "name": "bash-language-server-5.6.0",
      "pname": "bash-language-server",
      "rev": "bf922a59c5c9998a6584645f7d0de689512e444c",
      "rev_count": 940107,
      "rev_date": "2026-02-04T04:57:53Z",
      "scrape_date": "2026-02-05T05:05:02.198393Z",
      "stabilities": [
        "unstable"
      ],
      "unfree": false,
      "version": "5.6.0",
      "outputs_to_install": [
        "out"
      ],
      "outputs": {
        "out": "/nix/store/34vhylrv510v63x9im9c9yfl6wzlml01-bash-language-server-5.6.0"
      },
      "system": "aarch64-linux",
      "group": "toplevel",
      "priority": 5
    },
    {
      "attr_path": "bash-language-server",
      "broken": false,
      "derivation": "/nix/store/0sm2wf66pw8vpb6j1biw1rqcg410fm1m-bash-language-server-5.6.0.drv",
      "description": "Language server for Bash",
      "install_id": "bash-language-server",
      "license": "MIT",
      "locked_url": "https://github.com/flox/nixpkgs?rev=bf922a59c5c9998a6584645f7d0de689512e444c",
      "name": "bash-language-server-5.6.0",
      "pname": "bash-language-server",
      "rev": "bf922a59c5c9998a6584645f7d0de689512e444c",
      "rev_count": 940107,
      "rev_date": "2026-02-04T04:57:53Z",
      "scrape_date": "2026-02-05T05:32:50.900457Z",
      "stabilities": [
        "unstable"
      ],
      "unfree": false,
      "version": "5.6.0",
      "outputs_to_install": [
        "out"
      ],
      "outputs": {
        "out": "/nix/store/b0xkszynzfyzlypr6s0lcb4jcmspmrav-bash-language-server-5.6.0"
      },
      "system": "x86_64-darwin",
      "group": "toplevel",
      "priority": 5
    },
    {
      "attr_path": "bash-language-server",
      "broken": false,
      "derivation": "/nix/store/r97zm8ar0w6nz9jssvdn0p30lqxzg4kl-bash-language-server-5.6.0.drv",
      "description": "Language server for Bash",
      "install_id": "bash-language-server",
      "license": "MIT",
      "locked_url": "https://github.com/flox/nixpkgs?rev=bf922a59c5c9998a6584645f7d0de689512e444c",
      "name": "bash-language-server-5.6.0",
      "pname": "bash-language-server",
      "rev": "bf922a59c5c9998a6584645f7d0de689512e444c",
      "rev_count": 940107,
      "rev_date": "2026-02-04T04:57:53Z",
      "scrape_date": "2026-02-05T06:06:17.366449Z",
      "stabilities": [
        "unstable"
      ],
      "unfree": false,
      "version": "5.6.0",
      "outputs_to_install": [
        "out"
      ],
      "outputs": {
        "out": "/nix/store/mxz31j8mf7kddi3vipqhxhdm4lswiyl0-bash-language-server-5.6.0"
      },
      "system": "x86_64-linux",
      "group": "toplevel",
      "priority": 5
    },
    {
      "attr_path": "emmylua-ls",
      "broken": false,
      "derivation": "/nix/store/1wq3pqs4ndkr1kbrwfvpnqcj1hxqydp1-emmylua_ls-0.20.0.drv",
      "description": "EmmyLua Language Server",
      "install_id": "emmylua-ls",
      "license": "MIT",
      "locked_url": "https://github.com/flox/nixpkgs?rev=bf922a59c5c9998a6584645f7d0de689512e444c",
      "name": "emmylua_ls-0.20.0",
      "pname": "emmylua-ls",
      "rev": "bf922a59c5c9998a6584645f7d0de689512e444c",
      "rev_count": 940107,
      "rev_date": "2026-02-04T04:57:53Z",
      "scrape_date": "2026-02-05T04:35:47.786596Z",
      "stabilities": [
        "unstable"
      ],
      "unfree": false,
      "version": "0.20.0",
      "outputs_to_install": [
        "out"
      ],
      "outputs": {
        "out": "/nix/store/x7k82q8a26s7qhksbwf6p2jblf8incqn-emmylua_ls-0.20.0"
      },
      "system": "aarch64-darwin",
      "group": "toplevel",
      "priority": 5
    },
    {
      "attr_path": "emmylua-ls",
      "broken": false,
      "derivation": "/nix/store/vg6cpkcd4cmbwfykqhi2qqhfp2v0kwbx-emmylua_ls-0.20.0.drv",
      "description": "EmmyLua Language Server",
      "install_id": "emmylua-ls",
      "license": "MIT",
      "locked_url": "https://github.com/flox/nixpkgs?rev=bf922a59c5c9998a6584645f7d0de689512e444c",
      "name": "emmylua_ls-0.20.0",
      "pname": "emmylua-ls",
      "rev": "bf922a59c5c9998a6584645f7d0de689512e444c",
      "rev_count": 940107,
      "rev_date": "2026-02-04T04:57:53Z",
      "scrape_date": "2026-02-05T05:05:03.279341Z",
      "stabilities": [
        "unstable"
      ],
      "unfree": false,
      "version": "0.20.0",
      "outputs_to_install": [
        "out"
      ],
      "outputs": {
        "out": "/nix/store/5hjd0jwax26nlrllhdyimcd6qfvrq9vg-emmylua_ls-0.20.0"
      },
      "system": "aarch64-linux",
      "group": "toplevel",
      "priority": 5
    },
    {
      "attr_path": "emmylua-ls",
      "broken": false,
      "derivation": "/nix/store/0rz4zxxv8apvz8xqvjlw30xnci9rywpz-emmylua_ls-0.20.0.drv",
      "description": "EmmyLua Language Server",
      "install_id": "emmylua-ls",
      "license": "MIT",
      "locked_url": "https://github.com/flox/nixpkgs?rev=bf922a59c5c9998a6584645f7d0de689512e444c",
      "name": "emmylua_ls-0.20.0",
      "pname": "emmylua-ls",
      "rev": "bf922a59c5c9998a6584645f7d0de689512e444c",
      "rev_count": 940107,
      "rev_date": "2026-02-04T04:57:53Z",
      "scrape_date": "2026-02-05T05:32:51.608401Z",
      "stabilities": [
        "unstable"
      ],
      "unfree": false,
      "version": "0.20.0",
      "outputs_to_install": [
        "out"
      ],
      "outputs": {
        "out": "/nix/store/mpy1dxjbmgv60mb926vhdj9in501yy4c-emmylua_ls-0.20.0"
      },
      "system": "x86_64-darwin",
      "group": "toplevel",
      "priority": 5
    },
    {
      "attr_path": "emmylua-ls",
      "broken": false,
      "derivation": "/nix/store/9xsryp5q3y5813d831h2wpv43v7ikwv4-emmylua_ls-0.20.0.drv",
      "description": "EmmyLua Language Server",
      "install_id": "emmylua-ls",
      "license": "MIT",
      "locked_url": "https://github.com/flox/nixpkgs?rev=bf922a59c5c9998a6584645f7d0de689512e444c",
      "name": "emmylua_ls-0.20.0",
      "pname": "emmylua-ls",
      "rev": "bf922a59c5c9998a6584645f7d0de689512e444c",
      "rev_count": 940107,
      "rev_date": "2026-02-04T04:57:53Z",
      "scrape_date": "2026-02-05T06:06:18.455106Z",
      "stabilities": [
        "unstable"
      ],
      "unfree": false,
      "version": "0.20.0",
      "outputs_to_install": [
        "out"
      ],
      "outputs": {
        "out": "/nix/store/pijz0c81qzjrgpmdn5h8dk1kgn0a4kqa-emmylua_ls-0.20.0"
      },
      "system": "x86_64-linux",
      "group": "toplevel",
      "priority": 5
    },
    {
      "attr_path": "fish-lsp",
      "broken": false,
      "derivation": "/nix/store/9ip58zhl8xhc5q38irbss7rhj20ss3nw-fish-lsp-1.0.10.drv",
      "description": "LSP implementation for the fish shell language",
      "install_id": "fish-lsp",
      "license": "MIT",
      "locked_url": "https://github.com/flox/nixpkgs?rev=bf922a59c5c9998a6584645f7d0de689512e444c",
      "name": "fish-lsp-1.0.10",
      "pname": "fish-lsp",
      "rev": "bf922a59c5c9998a6584645f7d0de689512e444c",
      "rev_count": 940107,
      "rev_date": "2026-02-04T04:57:53Z",
      "scrape_date": "2026-02-05T04:35:47.914515Z",
      "stabilities": [
        "unstable"
      ],
      "unfree": false,
      "version": "1.0.10",
      "outputs_to_install": [
        "out"
      ],
      "outputs": {
        "out": "/nix/store/rvakcr13wyivxb0h7hwr83mkkkyfsjs8-fish-lsp-1.0.10"
      },
      "system": "aarch64-darwin",
      "group": "toplevel",
      "priority": 5
    },
    {
      "attr_path": "fish-lsp",
      "broken": false,
      "derivation": "/nix/store/wd3v7wy5f6zbiqca1mvih6y2fq47snpb-fish-lsp-1.0.10.drv",
      "description": "LSP implementation for the fish shell language",
      "install_id": "fish-lsp",
      "license": "MIT",
      "locked_url": "https://github.com/flox/nixpkgs?rev=bf922a59c5c9998a6584645f7d0de689512e444c",
      "name": "fish-lsp-1.0.10",
      "pname": "fish-lsp",
      "rev": "bf922a59c5c9998a6584645f7d0de689512e444c",
      "rev_count": 940107,
      "rev_date": "2026-02-04T04:57:53Z",
      "scrape_date": "2026-02-05T05:05:03.505676Z",
      "stabilities": [
        "unstable"
      ],
      "unfree": false,
      "version": "1.0.10",
      "outputs_to_install": [
        "out"
      ],
      "outputs": {
        "out": "/nix/store/w7i4rb0lqjnkj9cr70kxkqipkbr9dif2-fish-lsp-1.0.10"
      },
      "system": "aarch64-linux",
      "group": "toplevel",
      "priority": 5
    },
    {
      "attr_path": "fish-lsp",
      "broken": false,
      "derivation": "/nix/store/4bsynpnr8clrlj5ckmik484lzwqs3bbs-fish-lsp-1.0.10.drv",
      "description": "LSP implementation for the fish shell language",
      "install_id": "fish-lsp",
      "license": "MIT",
      "locked_url": "https://github.com/flox/nixpkgs?rev=bf922a59c5c9998a6584645f7d0de689512e444c",
      "name": "fish-lsp-1.0.10",
      "pname": "fish-lsp",
      "rev": "bf922a59c5c9998a6584645f7d0de689512e444c",
      "rev_count": 940107,
      "rev_date": "2026-02-04T04:57:53Z",
      "scrape_date": "2026-02-05T05:32:51.742270Z",
      "stabilities": [
        "unstable"
      ],
      "unfree": false,
      "version": "1.0.10",
      "outputs_to_install": [
        "out"
      ],
      "outputs": {
        "out": "/nix/store/2b0cj0wx1ksg2m527y8lyld2qxmpnw81-fish-lsp-1.0.10"
      },
      "system": "x86_64-darwin",
      "group": "toplevel",
      "priority": 5
    },
    {
      "attr_path": "fish-lsp",
      "broken": false,
      "derivation": "/nix/store/5pk6fmfzzj0gp1nf836a4fqn3sw5w9yy-fish-lsp-1.0.10.drv",
      "description": "LSP implementation for the fish shell language",
      "install_id": "fish-lsp",
      "license": "MIT",
      "locked_url": "https://github.com/flox/nixpkgs?rev=bf922a59c5c9998a6584645f7d0de689512e444c",
      "name": "fish-lsp-1.0.10",
      "pname": "fish-lsp",
      "rev": "bf922a59c5c9998a6584645f7d0de689512e444c",
      "rev_count": 940107,
      "rev_date": "2026-02-04T04:57:53Z",
      "scrape_date": "2026-02-05T06:06:18.717328Z",
      "stabilities": [
        "unstable"
      ],
      "unfree": false,
      "version": "1.0.10",
      "outputs_to_install": [
        "out"
      ],
      "outputs": {
        "out": "/nix/store/bc70a1svc181bbp1wwzjz3lhmkg7rarf-fish-lsp-1.0.10"
      },
      "system": "x86_64-linux",
      "group": "toplevel",
      "priority": 5
    },
    {
      "attr_path": "selene",
      "broken": false,
      "derivation": "/nix/store/rm9s4z7l05drn2bl7sx26v319w8z2w9l-selene-0.30.0.drv",
      "description": "Blazing-fast modern Lua linter written in Rust",
      "install_id": "selene",
      "license": "MPL-2.0",
      "locked_url": "https://github.com/flox/nixpkgs?rev=bf922a59c5c9998a6584645f7d0de689512e444c",
      "name": "selene-0.30.0",
      "pname": "selene",
      "rev": "bf922a59c5c9998a6584645f7d0de689512e444c",
      "rev_count": 940107,
      "rev_date": "2026-02-04T04:57:53Z",
      "scrape_date": "2026-02-05T04:37:26.617369Z",
      "stabilities": [
        "unstable"
      ],
      "unfree": false,
      "version": "0.30.0",
      "outputs_to_install": [
        "out"
      ],
      "outputs": {
        "out": "/nix/store/q9hr00k9llp6wqpapv1bkmi2s2vvj8c7-selene-0.30.0"
      },
      "system": "aarch64-darwin",
      "group": "toplevel",
      "priority": 5
    },
    {
      "attr_path": "selene",
      "broken": false,
      "derivation": "/nix/store/18aks4fpzy4r0ihmbg6cnjf7mw408h7s-selene-0.30.0.drv",
      "description": "Blazing-fast modern Lua linter written in Rust",
      "install_id": "selene",
      "license": "MPL-2.0",
      "locked_url": "https://github.com/flox/nixpkgs?rev=bf922a59c5c9998a6584645f7d0de689512e444c",
      "name": "selene-0.30.0",
      "pname": "selene",
      "rev": "bf922a59c5c9998a6584645f7d0de689512e444c",
      "rev_count": 940107,
      "rev_date": "2026-02-04T04:57:53Z",
      "scrape_date": "2026-02-05T05:07:14.180226Z",
      "stabilities": [
        "unstable"
      ],
      "unfree": false,
      "version": "0.30.0",
      "outputs_to_install": [
        "out"
      ],
      "outputs": {
        "out": "/nix/store/1ym5kyc8cfj5fqj9qdvc0qzj117hz95l-selene-0.30.0"
      },
      "system": "aarch64-linux",
      "group": "toplevel",
      "priority": 5
    },
    {
      "attr_path": "selene",
      "broken": false,
      "derivation": "/nix/store/mbmxjwsbf1c80f0w1r6sc704s9lvmz28-selene-0.30.0.drv",
      "description": "Blazing-fast modern Lua linter written in Rust",
      "install_id": "selene",
      "license": "MPL-2.0",
      "locked_url": "https://github.com/flox/nixpkgs?rev=bf922a59c5c9998a6584645f7d0de689512e444c",
      "name": "selene-0.30.0",
      "pname": "selene",
      "rev": "bf922a59c5c9998a6584645f7d0de689512e444c",
      "rev_count": 940107,
      "rev_date": "2026-02-04T04:57:53Z",
      "scrape_date": "2026-02-05T05:34:37.250866Z",
      "stabilities": [
        "unstable"
      ],
      "unfree": false,
      "version": "0.30.0",
      "outputs_to_install": [
        "out"
      ],
      "outputs": {
        "out": "/nix/store/7qr18vvm2ypmf3398vbc9w19zi9xzga7-selene-0.30.0"
      },
      "system": "x86_64-darwin",
      "group": "toplevel",
      "priority": 5
    },
    {
      "attr_path": "selene",
      "broken": false,
      "derivation": "/nix/store/y21nxxb70pgvazjjndi6y1kfg1n2hy2g-selene-0.30.0.drv",
      "description": "Blazing-fast modern Lua linter written in Rust",
      "install_id": "selene",
      "license": "MPL-2.0",
      "locked_url": "https://github.com/flox/nixpkgs?rev=bf922a59c5c9998a6584645f7d0de689512e444c",
      "name": "selene-0.30.0",
      "pname": "selene",
      "rev": "bf922a59c5c9998a6584645f7d0de689512e444c",
      "rev_count": 940107,
      "rev_date": "2026-02-04T04:57:53Z",
      "scrape_date": "2026-02-05T06:08:45.417475Z",
      "stabilities": [
        "unstable"
      ],
      "unfree": false,
      "version": "0.30.0",
      "outputs_to_install": [
        "out"
      ],
      "outputs": {
        "out": "/nix/store/g7cn0iz72lm64iywp75k4bcb1jl4qvii-selene-0.30.0"
      },
      "system": "x86_64-linux",
      "group": "toplevel",
      "priority": 5
    },
    {
      "attr_path": "shellcheck",
      "broken": false,
      "derivation": "/nix/store/41yz3ag3s8v82ja8cdgf7cvwgqqkxi36-shellcheck-0.11.0.drv",
      "description": "Shell script analysis tool",
      "install_id": "shellcheck",
      "license": "GPL-3.0-only",
      "locked_url": "https://github.com/flox/nixpkgs?rev=bf922a59c5c9998a6584645f7d0de689512e444c",
      "name": "shellcheck-0.11.0",
      "pname": "shellcheck",
      "rev": "bf922a59c5c9998a6584645f7d0de689512e444c",
      "rev_count": 940107,
      "rev_date": "2026-02-04T04:57:53Z",
      "scrape_date": "2026-02-05T04:37:26.970756Z",
      "stabilities": [
        "unstable"
      ],
      "unfree": false,
      "version": "0.11.0",
      "outputs_to_install": [
        "bin",
        "doc",
        "man"
      ],
      "outputs": {
        "bin": "/nix/store/5svbr3cprv2d48534yps86b05fkk22xd-shellcheck-0.11.0-bin",
        "doc": "/nix/store/s8jimz0bjmypxi1djmvvlay7yqqv9l99-shellcheck-0.11.0-doc",
        "man": "/nix/store/spnvyf4cyw041ypaj2mlk2zznwdvjxyw-shellcheck-0.11.0-man",
        "out": "/nix/store/ckh6hj54z0vr9phnk0fhx9smqv04w6hg-shellcheck-0.11.0"
      },
      "system": "aarch64-darwin",
      "group": "toplevel",
      "priority": 5
    },
    {
      "attr_path": "shellcheck",
      "broken": false,
      "derivation": "/nix/store/31bprl6l39rxz91rbf9pp2l8cn93i4il-shellcheck-0.11.0.drv",
      "description": "Shell script analysis tool",
      "install_id": "shellcheck",
      "license": "GPL-3.0-only",
      "locked_url": "https://github.com/flox/nixpkgs?rev=bf922a59c5c9998a6584645f7d0de689512e444c",
      "name": "shellcheck-0.11.0",
      "pname": "shellcheck",
      "rev": "bf922a59c5c9998a6584645f7d0de689512e444c",
      "rev_count": 940107,
      "rev_date": "2026-02-04T04:57:53Z",
      "scrape_date": "2026-02-05T05:07:14.711455Z",
      "stabilities": [
        "unstable"
      ],
      "unfree": false,
      "version": "0.11.0",
      "outputs_to_install": [
        "bin",
        "doc",
        "man"
      ],
      "outputs": {
        "bin": "/nix/store/hivykwp8bw270rv8dys1j32hv1k6yij0-shellcheck-0.11.0-bin",
        "doc": "/nix/store/bv2khvbymwlm3pgfc351nbxby0h8yp6i-shellcheck-0.11.0-doc",
        "man": "/nix/store/qivjm3rk9hnxc0hid7pjz6dy35kqw6sz-shellcheck-0.11.0-man",
        "out": "/nix/store/3kqdx5p2yz17c369383n20pbfjqqvz5z-shellcheck-0.11.0"
      },
      "system": "aarch64-linux",
      "group": "toplevel",
      "priority": 5
    },
    {
      "attr_path": "shellcheck",
      "broken": false,
      "derivation": "/nix/store/qhv5x4w5wx8ffffq8vrkihdwk9agbqij-shellcheck-0.11.0.drv",
      "description": "Shell script analysis tool",
      "install_id": "shellcheck",
      "license": "GPL-3.0-only",
      "locked_url": "https://github.com/flox/nixpkgs?rev=bf922a59c5c9998a6584645f7d0de689512e444c",
      "name": "shellcheck-0.11.0",
      "pname": "shellcheck",
      "rev": "bf922a59c5c9998a6584645f7d0de689512e444c",
      "rev_count": 940107,
      "rev_date": "2026-02-04T04:57:53Z",
      "scrape_date": "2026-02-05T05:34:37.634587Z",
      "stabilities": [
        "unstable"
      ],
      "unfree": false,
      "version": "0.11.0",
      "outputs_to_install": [
        "bin",
        "doc",
        "man"
      ],
      "outputs": {
        "bin": "/nix/store/mpjsi2nrrjbjydvl0a7ii922jkn74k9l-shellcheck-0.11.0-bin",
        "doc": "/nix/store/4w8jv96gdkajpw2rnx8zxz0dg779mpgl-shellcheck-0.11.0-doc",
        "man": "/nix/store/djwg6sax91yyhy9hcg9av2iqdpv85xcj-shellcheck-0.11.0-man",
        "out": "/nix/store/099cyhhwzpm2i9idvha7ns8cvyjzq1s2-shellcheck-0.11.0"
      },
      "system": "x86_64-darwin",
      "group": "toplevel",
      "priority": 5
    },
    {
      "attr_path": "shellcheck",
      "broken": false,
      "derivation": "/nix/store/7zmgvnxmvdfkrn6n61i1ihb49w3b9ih2-shellcheck-0.11.0.drv",
      "description": "Shell script analysis tool",
      "install_id": "shellcheck",
      "license": "GPL-3.0-only",
      "locked_url": "https://github.com/flox/nixpkgs?rev=bf922a59c5c9998a6584645f7d0de689512e444c",
      "name": "shellcheck-0.11.0",
      "pname": "shellcheck",
      "rev": "bf922a59c5c9998a6584645f7d0de689512e444c",
      "rev_count": 940107,
      "rev_date": "2026-02-04T04:57:53Z",
      "scrape_date": "2026-02-05T06:08:46.029370Z",
      "stabilities": [
        "unstable"
      ],
      "unfree": false,
      "version": "0.11.0",
      "outputs_to_install": [
        "bin",
        "doc",
        "man"
      ],
      "outputs": {
        "bin": "/nix/store/ghz6z8fvri862mgdg5kl95cpfls931h5-shellcheck-0.11.0-bin",
        "doc": "/nix/store/mlx7n34i9gh8bryzp8xqb1i756bszarx-shellcheck-0.11.0-doc",
        "man": "/nix/store/416rjwbann8hibm3zfj7shrj3i9saq4a-shellcheck-0.11.0-man",
        "out": "/nix/store/zrh7hlkglk74pix0bczhkslw2w4qdpzg-shellcheck-0.11.0"
      },
      "system": "x86_64-linux",
      "group": "toplevel",
      "priority": 5
    },
    {
      "attr_path": "shfmt",
      "broken": false,
      "derivation": "/nix/store/6q95lz7js6fsw9vahv75c2pflf2sli5f-shfmt-3.12.0.drv",
      "description": "Shell parser and formatter",
      "install_id": "shfmt",
      "license": "BSD-3-Clause",
      "locked_url": "https://github.com/flox/nixpkgs?rev=bf922a59c5c9998a6584645f7d0de689512e444c",
      "name": "shfmt-3.12.0",
      "pname": "shfmt",
      "rev": "bf922a59c5c9998a6584645f7d0de689512e444c",
      "rev_count": 940107,
      "rev_date": "2026-02-04T04:57:53Z",
      "scrape_date": "2026-02-05T04:37:27.012908Z",
      "stabilities": [
        "unstable"
      ],
      "unfree": false,
      "version": "3.12.0",
      "outputs_to_install": [
        "out"
      ],
      "outputs": {
        "out": "/nix/store/5ywb1qkbd829kazxxkcfxb356m7hljjw-shfmt-3.12.0"
      },
      "system": "aarch64-darwin",
      "group": "toplevel",
      "priority": 5
    },
    {
      "attr_path": "shfmt",
      "broken": false,
      "derivation": "/nix/store/h8g58dk994bkfjyqwwq8sc8pa7ygwbbj-shfmt-3.12.0.drv",
      "description": "Shell parser and formatter",
      "install_id": "shfmt",
      "license": "BSD-3-Clause",
      "locked_url": "https://github.com/flox/nixpkgs?rev=bf922a59c5c9998a6584645f7d0de689512e444c",
      "name": "shfmt-3.12.0",
      "pname": "shfmt",
      "rev": "bf922a59c5c9998a6584645f7d0de689512e444c",
      "rev_count": 940107,
      "rev_date": "2026-02-04T04:57:53Z",
      "scrape_date": "2026-02-05T05:07:14.765790Z",
      "stabilities": [
        "unstable"
      ],
      "unfree": false,
      "version": "3.12.0",
      "outputs_to_install": [
        "out"
      ],
      "outputs": {
        "out": "/nix/store/bii41pz9k7xf3z3f80s1ip29l42488ry-shfmt-3.12.0"
      },
      "system": "aarch64-linux",
      "group": "toplevel",
      "priority": 5
    },
    {
      "attr_path": "shfmt",
      "broken": false,
      "derivation": "/nix/store/5ifkwldkpcp4hyx6mi5djcksi9lns74b-shfmt-3.12.0.drv",
      "description": "Shell parser and formatter",
      "install_id": "shfmt",
      "license": "BSD-3-Clause",
      "locked_url": "https://github.com/flox/nixpkgs?rev=bf922a59c5c9998a6584645f7d0de689512e444c",
      "name": "shfmt-3.12.0",
      "pname": "shfmt",
      "rev": "bf922a59c5c9998a6584645f7d0de689512e444c",
      "rev_count": 940107,
      "rev_date": "2026-02-04T04:57:53Z",
      "scrape_date": "2026-02-05T05:34:37.679428Z",
      "stabilities": [
        "unstable"
      ],
      "unfree": false,
      "version": "3.12.0",
      "outputs_to_install": [
        "out"
      ],
      "outputs": {
        "out": "/nix/store/a8l3l8rdzs3agq7garh59m0xn8h3zgpq-shfmt-3.12.0"
      },
      "system": "x86_64-darwin",
      "group": "toplevel",
      "priority": 5
    },
    {
      "attr_path": "shfmt",
      "broken": false,
      "derivation": "/nix/store/gapl7czszkjgb41qji7mhq40ygidcg2y-shfmt-3.12.0.drv",
      "description": "Shell parser and formatter",
      "install_id": "shfmt",
      "license": "BSD-3-Clause",
      "locked_url": "https://github.com/flox/nixpkgs?rev=bf922a59c5c9998a6584645f7d0de689512e444c",
      "name": "shfmt-3.12.0",
      "pname": "shfmt",
      "rev": "bf922a59c5c9998a6584645f7d0de689512e444c",
      "rev_count": 940107,
      "rev_date": "2026-02-04T04:57:53Z",
      "scrape_date": "2026-02-05T06:08:46.089221Z",
      "stabilities": [
        "unstable"
      ],
      "unfree": false,
      "version": "3.12.0",
      "outputs_to_install": [
        "out"
      ],
      "outputs": {
        "out": "/nix/store/r3pj36ll7v3ss2z679arpwkg7pnka3s3-shfmt-3.12.0"
      },
      "system": "x86_64-linux",
      "group": "toplevel",
      "priority": 5
    },
    {
      "attr_path": "stylua",
      "broken": false,
      "derivation": "/nix/store/a4r60zk8pgws01a8vwm1x6dhll2w51ff-stylua-2.3.1.drv",
      "description": "Opinionated Lua code formatter",
      "install_id": "stylua",
      "license": "MPL-2.0",
      "locked_url": "https://github.com/flox/nixpkgs?rev=bf922a59c5c9998a6584645f7d0de689512e444c",
      "name": "stylua-2.3.1",
      "pname": "stylua",
      "rev": "bf922a59c5c9998a6584645f7d0de689512e444c",
      "rev_count": 940107,
      "rev_date": "2026-02-04T04:57:53Z",
      "scrape_date": "2026-02-05T04:37:29.186177Z",
      "stabilities": [
        "unstable"
      ],
      "unfree": false,
      "version": "2.3.1",
      "outputs_to_install": [
        "out"
      ],
      "outputs": {
        "out": "/nix/store/q6gvhdpbdywkffx4g1akr55j1v19l2p0-stylua-2.3.1"
      },
      "system": "aarch64-darwin",
      "group": "toplevel",
      "priority": 5
    },
    {
      "attr_path": "stylua",
      "broken": false,
      "derivation": "/nix/store/20p1h33h27kbdpj7v6h6agxpqinli04x-stylua-2.3.1.drv",
      "description": "Opinionated Lua code formatter",
      "install_id": "stylua",
      "license": "MPL-2.0",
      "locked_url": "https://github.com/flox/nixpkgs?rev=bf922a59c5c9998a6584645f7d0de689512e444c",
      "name": "stylua-2.3.1",
      "pname": "stylua",
      "rev": "bf922a59c5c9998a6584645f7d0de689512e444c",
      "rev_count": 940107,
      "rev_date": "2026-02-04T04:57:53Z",
      "scrape_date": "2026-02-05T05:07:18.131772Z",
      "stabilities": [
        "unstable"
      ],
      "unfree": false,
      "version": "2.3.1",
      "outputs_to_install": [
        "out"
      ],
      "outputs": {
        "out": "/nix/store/pb2hy31l7w38qs7shw81mx295c4rryac-stylua-2.3.1"
      },
      "system": "aarch64-linux",
      "group": "toplevel",
      "priority": 5
    },
    {
      "attr_path": "stylua",
      "broken": false,
      "derivation": "/nix/store/393rmh1n8jivrwc3za715q9qg49clxia-stylua-2.3.1.drv",
      "description": "Opinionated Lua code formatter",
      "install_id": "stylua",
      "license": "MPL-2.0",
      "locked_url": "https://github.com/flox/nixpkgs?rev=bf922a59c5c9998a6584645f7d0de689512e444c",
      "name": "stylua-2.3.1",
      "pname": "stylua",
      "rev": "bf922a59c5c9998a6584645f7d0de689512e444c",
      "rev_count": 940107,
      "rev_date": "2026-02-04T04:57:53Z",
      "scrape_date": "2026-02-05T05:34:40.066406Z",
      "stabilities": [
        "unstable"
      ],
      "unfree": false,
      "version": "2.3.1",
      "outputs_to_install": [
        "out"
      ],
      "outputs": {
        "out": "/nix/store/33gf9ncf7g0fx9szjsps35zpjj43y219-stylua-2.3.1"
      },
      "system": "x86_64-darwin",
      "group": "toplevel",
      "priority": 5
    },
    {
      "attr_path": "stylua",
      "broken": false,
      "derivation": "/nix/store/gd59jbq5g4gw0a8w18ffm1n7n1q45nyr-stylua-2.3.1.drv",
      "description": "Opinionated Lua code formatter",
      "install_id": "stylua",
      "license": "MPL-2.0",
      "locked_url": "https://github.com/flox/nixpkgs?rev=bf922a59c5c9998a6584645f7d0de689512e444c",
      "name": "stylua-2.3.1",
      "pname": "stylua",
      "rev": "bf922a59c5c9998a6584645f7d0de689512e444c",
      "rev_count": 940107,
      "rev_date": "2026-02-04T04:57:53Z",
      "scrape_date": "2026-02-05T06:08:50.084657Z",
      "stabilities": [
        "unstable"
      ],
      "unfree": false,
      "version": "2.3.1",
      "outputs_to_install": [
        "out"
      ],
      "outputs": {
        "out": "/nix/store/zqifamz35b98fjckkbf7dmnyrbzxnhb0-stylua-2.3.1"
      },
      "system": "x86_64-linux",
      "group": "toplevel",
      "priority": 5
    },
    {
      "attr_path": "taplo",
      "broken": false,
      "derivation": "/nix/store/qv8nr5ik92ybrw11dklb5rnnh2x6siqr-taplo-0.10.0.drv",
      "description": "TOML toolkit written in Rust",
      "install_id": "taplo",
      "license": "MIT",
      "locked_url": "https://github.com/flox/nixpkgs?rev=bf922a59c5c9998a6584645f7d0de689512e444c",
      "name": "taplo-0.10.0",
      "pname": "taplo",
      "rev": "bf922a59c5c9998a6584645f7d0de689512e444c",
      "rev_count": 940107,
      "rev_date": "2026-02-04T04:57:53Z",
      "scrape_date": "2026-02-05T04:37:29.937284Z",
      "stabilities": [
        "unstable"
      ],
      "unfree": false,
      "version": "0.10.0",
      "outputs_to_install": [
        "out"
      ],
      "outputs": {
        "out": "/nix/store/h1m4vwhcwqkxsvcq6i9rjdkb636ld471-taplo-0.10.0"
      },
      "system": "aarch64-darwin",
      "group": "toplevel",
      "priority": 5
    },
    {
      "attr_path": "taplo",
      "broken": false,
      "derivation": "/nix/store/1gx4dqypf7pgla6kzpm65ir11hqkjpmk-taplo-0.10.0.drv",
      "description": "TOML toolkit written in Rust",
      "install_id": "taplo",
      "license": "MIT",
      "locked_url": "https://github.com/flox/nixpkgs?rev=bf922a59c5c9998a6584645f7d0de689512e444c",
      "name": "taplo-0.10.0",
      "pname": "taplo",
      "rev": "bf922a59c5c9998a6584645f7d0de689512e444c",
      "rev_count": 940107,
      "rev_date": "2026-02-04T04:57:53Z",
      "scrape_date": "2026-02-05T05:07:19.534055Z",
      "stabilities": [
        "unstable"
      ],
      "unfree": false,
      "version": "0.10.0",
      "outputs_to_install": [
        "out"
      ],
      "outputs": {
        "out": "/nix/store/40hcyck40q3i3qfvszhrn9rzp8m0x0f9-taplo-0.10.0"
      },
      "system": "aarch64-linux",
      "group": "toplevel",
      "priority": 5
    },
    {
      "attr_path": "taplo",
      "broken": false,
      "derivation": "/nix/store/kakhjizhli6v4hp79wjqrk3zf7xqdayr-taplo-0.10.0.drv",
      "description": "TOML toolkit written in Rust",
      "install_id": "taplo",
      "license": "MIT",
      "locked_url": "https://github.com/flox/nixpkgs?rev=bf922a59c5c9998a6584645f7d0de689512e444c",
      "name": "taplo-0.10.0",
      "pname": "taplo",
      "rev": "bf922a59c5c9998a6584645f7d0de689512e444c",
      "rev_count": 940107,
      "rev_date": "2026-02-04T04:57:53Z",
      "scrape_date": "2026-02-05T05:34:40.888631Z",
      "stabilities": [
        "unstable"
      ],
      "unfree": false,
      "version": "0.10.0",
      "outputs_to_install": [
        "out"
      ],
      "outputs": {
        "out": "/nix/store/8ln1s0ckff5r284lz5mxwfka42na2z64-taplo-0.10.0"
      },
      "system": "x86_64-darwin",
      "group": "toplevel",
      "priority": 5
    },
    {
      "attr_path": "taplo",
      "broken": false,
      "derivation": "/nix/store/ldwmby9a4fq54h1vlfwmyxlliccb2cj5-taplo-0.10.0.drv",
      "description": "TOML toolkit written in Rust",
      "install_id": "taplo",
      "license": "MIT",
      "locked_url": "https://github.com/flox/nixpkgs?rev=bf922a59c5c9998a6584645f7d0de689512e444c",
      "name": "taplo-0.10.0",
      "pname": "taplo",
      "rev": "bf922a59c5c9998a6584645f7d0de689512e444c",
      "rev_count": 940107,
      "rev_date": "2026-02-04T04:57:53Z",
      "scrape_date": "2026-02-05T06:08:51.727688Z",
      "stabilities": [
        "unstable"
      ],
      "unfree": false,
      "version": "0.10.0",
      "outputs_to_install": [
        "out"
      ],
      "outputs": {
        "out": "/nix/store/9c66582cyq11iky0iy03hbjlqrsad376-taplo-0.10.0"
      },
      "system": "x86_64-linux",
      "group": "toplevel",
      "priority": 5
    }
  ]
}
